
Microsoft Visual Studio Solution File, Format Version 12.00
# Visual Studio Version 17
VisualStudioVersion = 17.2.32630.192
MinimumVisualStudioVersion = 10.0.40219.1
Project("{9A19103F-16F7-4668-BE54-9A1E7A4F7556}") = "R5T.S0111", "R5T.S0111\R5T.S0111.csproj", "{91833D95-0C31-4483-9532-C08BB8D3A30A}"
EndProject
Project("{9A19103F-16F7-4668-BE54-9A1E7A4F7556}") = "R5T.S0111.V000", "R5T.S0111.V000/R5T.S0111.V000.csproj", "{9E240C4D-85A1-4ADC-A5DB-21576B59FEA4}"
EndProject
Project("{2150E333-8FDC-42A3-9474-1A3956D46DE8}") = "_Dependencies", "_Dependencies", "{47AFCBB6-F06F-4B76-8B1A-E06727454790}"
EndProject
Project("{9A19103F-16F7-4668-BE54-9A1E7A4F7556}") = "R5T.F0000", "../../R5T.F0000/source/R5T.F0000/R5T.F0000.csproj", "{B3E6AAD2-F8E6-4CE4-BAAC-7430E7018A69}"
EndProject
Project("{9A19103F-16F7-4668-BE54-9A1E7A4F7556}") = "R5T.F0002", "../../R5T.F0002/source/R5T.F0002/R5T.F0002.csproj", "{56EA865C-CB0A-4E1A-8E88-CB1A2786CF7A}"
EndProject
Project("{9A19103F-16F7-4668-BE54-9A1E7A4F7556}") = "R5T.F0059", "../../R5T.F0059/source/R5T.F0059/R5T.F0059.csproj", "{9FC60A2B-7EB0-494E-8F4B-35AEE2C16586}"
EndProject
Project("{9A19103F-16F7-4668-BE54-9A1E7A4F7556}") = "R5T.F0120", "../../R5T.F0120/source/R5T.F0120/R5T.F0120.csproj", "{85C905D7-E976-442A-B5EE-DDA7FA40454C}"
EndProject
Project("{9A19103F-16F7-4668-BE54-9A1E7A4F7556}") = "R5T.F0124", "../../R5T.F0124/source/R5T.F0124/R5T.F0124.csproj", "{A4FB90B2-2875-4D74-ABDB-ECA27969AAC0}"
EndProject
Project("{9A19103F-16F7-4668-BE54-9A1E7A4F7556}") = "R5T.F0125", "../../R5T.F0125/source/R5T.F0125/R5T.F0125.csproj", "{6A635384-29E9-4E2E-92C0-275B4F9965B4}"
EndProject
Project("{9A19103F-16F7-4668-BE54-9A1E7A4F7556}") = "R5T.L0030.T000", "../../R5T.L0030/source/R5T.L0030.T000/R5T.L0030.T000.csproj", "{D9282AFF-E0EA-4F70-A7B4-0306F7AF922C}"
EndProject
Project("{9A19103F-16F7-4668-BE54-9A1E7A4F7556}") = "R5T.L0030", "../../R5T.L0030/source/R5T.L0030/R5T.L0030.csproj", "{9DE18930-8A95-45F1-81FE-9B57771609B4}"
EndProject
Project("{9A19103F-16F7-4668-BE54-9A1E7A4F7556}") = "R5T.L0034", "../../R5T.L0034/source/R5T.L0034/R5T.L0034.csproj", "{C3E138E5-0263-4D46-9FB9-2076F34A5935}"
EndProject
Project("{9A19103F-16F7-4668-BE54-9A1E7A4F7556}") = "R5T.L0035", "../../R5T.L0035/source/R5T.L0035/R5T.L0035.csproj", "{94D01DF1-71B9-449B-9A22-C5277D8BE1DE}"
EndProject
Project("{9A19103F-16F7-4668-BE54-9A1E7A4F7556}") = "R5T.L0053", "../../R5T.L0053/source/R5T.L0053/R5T.L0053.csproj", "{C3D5F8F1-62A3-4DA0-B135-2E3C37C62FC1}"
EndProject
Project("{9A19103F-16F7-4668-BE54-9A1E7A4F7556}") = "R5T.L0056", "../../R5T.L0056/source/R5T.L0056/R5T.L0056.csproj", "{9022A060-1584-438C-BD7A-486C2F40070D}"
EndProject
Project("{9A19103F-16F7-4668-BE54-9A1E7A4F7556}") = "R5T.L0066", "../../R5T.L0066/source/R5T.L0066/R5T.L0066.csproj", "{3930CB75-D9AF-4FB0-A63A-B6AFD7C538FF}"
EndProject
Project("{9A19103F-16F7-4668-BE54-9A1E7A4F7556}") = "R5T.L0071", "../../R5T.L0071/source/R5T.L0071/R5T.L0071.csproj", "{7CDC52FE-A838-4F68-B93B-34A900DBEDEF}"
EndProject
Project("{9A19103F-16F7-4668-BE54-9A1E7A4F7556}") = "R5T.L0074", "../../R5T.L0074/source/R5T.L0074/R5T.L0074.csproj", "{A0CFE698-7432-41DC-8038-F71409EFC01B}"
EndProject
Project("{9A19103F-16F7-4668-BE54-9A1E7A4F7556}") = "R5T.NG0006", "../../R5T.NG0006/source/R5T.NG0006/R5T.NG0006.csproj", "{D043410E-A0F7-419E-9D22-F027B573E951}"
EndProject
Project("{9A19103F-16F7-4668-BE54-9A1E7A4F7556}") = "R5T.NG0022", "../../R5T.NG0022/source/R5T.NG0022/R5T.NG0022.csproj", "{292B14BC-6745-4484-8812-9DB5879EC2C5}"
EndProject
Project("{9A19103F-16F7-4668-BE54-9A1E7A4F7556}") = "R5T.T0131", "../../R5T.T0131/source/R5T.T0131/R5T.T0131.csproj", "{8D5AF922-7EEF-4E25-84CC-2A79641C9816}"
EndProject
Project("{9A19103F-16F7-4668-BE54-9A1E7A4F7556}") = "R5T.T0132", "../../R5T.T0132/source/R5T.T0132/R5T.T0132.csproj", "{7EE0918C-0F14-419B-BE71-C0C997572757}"
EndProject
Project("{9A19103F-16F7-4668-BE54-9A1E7A4F7556}") = "R5T.T0142", "../../R5T.T0142/source/R5T.T0142/R5T.T0142.csproj", "{5FD2F432-ABA5-4F99-A605-776975D441BD}"
EndProject
Project("{9A19103F-16F7-4668-BE54-9A1E7A4F7556}") = "R5T.T0143", "../../R5T.T0143/source/R5T.T0143/R5T.T0143.csproj", "{19CAF390-7D37-4915-8156-A660DE0A7AD2}"
EndProject
Project("{9A19103F-16F7-4668-BE54-9A1E7A4F7556}") = "R5T.T0150", "../../R5T.T0150/source/R5T.T0150/R5T.T0150.csproj", "{F9930D5C-974C-47BD-9674-77CF6F2B977E}"
EndProject
Project("{9A19103F-16F7-4668-BE54-9A1E7A4F7556}") = "R5T.T0151", "../../R5T.T0151/source/R5T.T0151/R5T.T0151.csproj", "{0CF80FD9-1C86-483D-851B-A4D39B59F3B1}"
EndProject
Project("{9A19103F-16F7-4668-BE54-9A1E7A4F7556}") = "R5T.T0156", "../../R5T.T0156/source/R5T.T0156/R5T.T0156.csproj", "{97CAA964-BD54-4FEA-8CBE-D0F27A9E71FA}"
EndProject
Project("{9A19103F-16F7-4668-BE54-9A1E7A4F7556}") = "R5T.T0158", "../../R5T.T0158/source/R5T.T0158/R5T.T0158.csproj", "{8E761464-067E-43FC-8070-BC0B508A78DD}"
EndProject
Project("{9A19103F-16F7-4668-BE54-9A1E7A4F7556}") = "R5T.T0159", "../../R5T.T0159/source/R5T.T0159/R5T.T0159.csproj", "{F622DD1B-08C5-4134-A73E-21ABB076CAFA}"
EndProject
Project("{9A19103F-16F7-4668-BE54-9A1E7A4F7556}") = "R5T.T0172", "../../R5T.T0172/source/R5T.T0172/R5T.T0172.csproj", "{253FA612-BF13-4DF9-A64C-2FE3CB064C05}"
EndProject
Project("{9A19103F-16F7-4668-BE54-9A1E7A4F7556}") = "R5T.T0174", "../../R5T.T0174/source/R5T.T0174/R5T.T0174.csproj", "{23059465-12AE-456B-9209-AB2C3E592121}"
EndProject
Project("{9A19103F-16F7-4668-BE54-9A1E7A4F7556}") = "R5T.T0176", "../../R5T.T0176/source/R5T.T0176/R5T.T0176.csproj", "{942AA6A3-775C-4123-81C7-4FF6ED243AB2}"
EndProject
Project("{9A19103F-16F7-4668-BE54-9A1E7A4F7556}") = "R5T.T0177", "../../R5T.T0177/source/R5T.T0177/R5T.T0177.csproj", "{D6BC32EC-960D-4BD7-82B2-2A1CBFD1611B}"
EndProject
Project("{9A19103F-16F7-4668-BE54-9A1E7A4F7556}") = "R5T.T0178", "../../R5T.T0178/source/R5T.T0178/R5T.T0178.csproj", "{8086A40A-BB38-4A68-BFC0-564DF0B35B91}"
EndProject
Project("{9A19103F-16F7-4668-BE54-9A1E7A4F7556}") = "R5T.T0179", "../../R5T.T0179/source/R5T.T0179/R5T.T0179.csproj", "{1C91952B-4D1B-4212-9A0F-E1DB788EF36B}"
EndProject
Project("{9A19103F-16F7-4668-BE54-9A1E7A4F7556}") = "R5T.T0180", "../../R5T.T0180/source/R5T.T0180/R5T.T0180.csproj", "{84088A20-35FC-476A-A48C-FC79C41EFC30}"
EndProject
Project("{9A19103F-16F7-4668-BE54-9A1E7A4F7556}") = "R5T.T0181", "../../R5T.T0181/source/R5T.T0181/R5T.T0181.csproj", "{A433D25E-4710-4390-9A9E-1ED56B1C5752}"
EndProject
Project("{9A19103F-16F7-4668-BE54-9A1E7A4F7556}") = "R5T.T0185", "../../R5T.T0185/source/R5T.T0185/R5T.T0185.csproj", "{447387BC-8854-4DFD-A907-2793B0E19218}"
EndProject
Project("{9A19103F-16F7-4668-BE54-9A1E7A4F7556}") = "R5T.T0199.T000", "../../R5T.T0199/source/R5T.T0199.T000/R5T.T0199.T000.csproj", "{FFD4A489-2F94-4973-96F7-FB6D77C99E16}"
EndProject
Project("{9A19103F-16F7-4668-BE54-9A1E7A4F7556}") = "R5T.T0199.T001", "../../R5T.T0199/source/R5T.T0199.T001/R5T.T0199.T001.csproj", "{C6BE9F9D-EDF3-4188-9750-6C38AC79B9BD}"
EndProject
Project("{9A19103F-16F7-4668-BE54-9A1E7A4F7556}") = "R5T.T0199", "../../R5T.T0199/source/R5T.T0199/R5T.T0199.csproj", "{F0A9C15F-D9D8-4979-8DB8-E7510D609D75}"
EndProject
Project("{9A19103F-16F7-4668-BE54-9A1E7A4F7556}") = "R5T.T0203", "../../R5T.T0203/source/R5T.T0203/R5T.T0203.csproj", "{F11DF8D7-F8C3-4598-9877-87FD96FBF5D0}"
EndProject
Project("{9A19103F-16F7-4668-BE54-9A1E7A4F7556}") = "R5T.T0213", "../../R5T.T0213/source/R5T.T0213/R5T.T0213.csproj", "{0F148F0C-C6CB-4A26-A772-AD25D889E204}"
EndProject
Project("{9A19103F-16F7-4668-BE54-9A1E7A4F7556}") = "R5T.T0218", "../../R5T.T0218/source/R5T.T0218/R5T.T0218.csproj", "{BEDF3D1D-5ACE-4CD0-85FF-612E8198E198}"
EndProject
Project("{9A19103F-16F7-4668-BE54-9A1E7A4F7556}") = "R5T.T0219", "../../R5T.T0219/source/R5T.T0219/R5T.T0219.csproj", "{AFAA45A8-74C1-467B-A225-2FCE5E068A12}"
EndProject
Project("{9A19103F-16F7-4668-BE54-9A1E7A4F7556}") = "R5T.T0220", "../../R5T.T0220/source/R5T.T0220/R5T.T0220.csproj", "{12071584-A81B-4BB3-AA7A-20FA3D85F606}"
EndProject
Project("{9A19103F-16F7-4668-BE54-9A1E7A4F7556}") = "R5T.T0221", "../../R5T.T0221/source/R5T.T0221/R5T.T0221.csproj", "{064276C5-B7AC-4821-A260-9283E56817DD}"
EndProject
Project("{9A19103F-16F7-4668-BE54-9A1E7A4F7556}") = "R5T.T0227", "../../R5T.T0227/source/R5T.T0227/R5T.T0227.csproj", "{1B2F0396-94B8-4283-9F66-F07A9771D877}"
EndProject
Project("{9A19103F-16F7-4668-BE54-9A1E7A4F7556}") = "R5T.Y0000", "../../R5T.Y0000/source/R5T.Y0000/R5T.Y0000.csproj", "{8358810B-A41C-4A16-8D83-EE0977B70011}"
EndProject
Project("{9A19103F-16F7-4668-BE54-9A1E7A4F7556}") = "R5T.Y0006", "../../R5T.Y0006/source/R5T.Y0006/R5T.Y0006.csproj", "{42115685-DC29-41E9-A578-EEE8ACD963A0}"
EndProject
Project("{9A19103F-16F7-4668-BE54-9A1E7A4F7556}") = "R5T.Z0000", "../../R5T.Z0000/source/R5T.Z0000/R5T.Z0000.csproj", "{38D0B428-AF33-4136-B97F-DF875690321F}"
EndProject
Project("{9A19103F-16F7-4668-BE54-9A1E7A4F7556}") = "R5T.Z0010.Platform", "../../R5T.Z0010/source/R5T.Z0010.Platform/R5T.Z0010.Platform.csproj", "{3D742F74-4E64-4D1A-B8B8-EA5650C46F04}"
EndProject
Project("{9A19103F-16F7-4668-BE54-9A1E7A4F7556}") = "R5T.Z0010", "../../R5T.Z0010/source/R5T.Z0010/R5T.Z0010.csproj", "{B06B800C-DD1A-480C-8950-AAF7E3DA0A4F}"
EndProject
Project("{9A19103F-16F7-4668-BE54-9A1E7A4F7556}") = "R5T.Z0057.Platform", "../../R5T.Z0057/source/R5T.Z0057.Platform/R5T.Z0057.Platform.csproj", "{91658761-D594-4B22-A16B-356E64A7CAE8}"
EndProject
Project("{9A19103F-16F7-4668-BE54-9A1E7A4F7556}") = "R5T.Z0057", "../../R5T.Z0057/source/R5T.Z0057/R5T.Z0057.csproj", "{0B11AB58-8C1C-46FA-ABEC-F1D773C48DF1}"
EndProject
Project("{9A19103F-16F7-4668-BE54-9A1E7A4F7556}") = "R5T.Z0058", "../../R5T.Z0058/source/R5T.Z0058/R5T.Z0058.csproj", "{AA274BE6-E9B3-4BEB-A47D-06B60E927120}"
EndProject
Project("{9A19103F-16F7-4668-BE54-9A1E7A4F7556}") = "R5T.NG0017", "..\..\R5T.NG0017\source\R5T.NG0017\R5T.NG0017.csproj", "{ABE96500-06CF-433C-8D8E-94AEB45A0AE9}"
EndProject
Global
	GlobalSection(NestedProjects) = preSolution
		{B3E6AAD2-F8E6-4CE4-BAAC-7430E7018A69} = {47AFCBB6-F06F-4B76-8B1A-E06727454790}
		{56EA865C-CB0A-4E1A-8E88-CB1A2786CF7A} = {47AFCBB6-F06F-4B76-8B1A-E06727454790}
		{9FC60A2B-7EB0-494E-8F4B-35AEE2C16586} = {47AFCBB6-F06F-4B76-8B1A-E06727454790}
		{85C905D7-E976-442A-B5EE-DDA7FA40454C} = {47AFCBB6-F06F-4B76-8B1A-E06727454790}
		{A4FB90B2-2875-4D74-ABDB-ECA27969AAC0} = {47AFCBB6-F06F-4B76-8B1A-E06727454790}
		{6A635384-29E9-4E2E-92C0-275B4F9965B4} = {47AFCBB6-F06F-4B76-8B1A-E06727454790}
		{D9282AFF-E0EA-4F70-A7B4-0306F7AF922C} = {47AFCBB6-F06F-4B76-8B1A-E06727454790}
		{9DE18930-8A95-45F1-81FE-9B57771609B4} = {47AFCBB6-F06F-4B76-8B1A-E06727454790}
		{C3E138E5-0263-4D46-9FB9-2076F34A5935} = {47AFCBB6-F06F-4B76-8B1A-E06727454790}
		{94D01DF1-71B9-449B-9A22-C5277D8BE1DE} = {47AFCBB6-F06F-4B76-8B1A-E06727454790}
		{C3D5F8F1-62A3-4DA0-B135-2E3C37C62FC1} = {47AFCBB6-F06F-4B76-8B1A-E06727454790}
		{9022A060-1584-438C-BD7A-486C2F40070D} = {47AFCBB6-F06F-4B76-8B1A-E06727454790}
		{3930CB75-D9AF-4FB0-A63A-B6AFD7C538FF} = {47AFCBB6-F06F-4B76-8B1A-E06727454790}
		{7CDC52FE-A838-4F68-B93B-34A900DBEDEF} = {47AFCBB6-F06F-4B76-8B1A-E06727454790}
		{A0CFE698-7432-41DC-8038-F71409EFC01B} = {47AFCBB6-F06F-4B76-8B1A-E06727454790}
		{D043410E-A0F7-419E-9D22-F027B573E951} = {47AFCBB6-F06F-4B76-8B1A-E06727454790}
		{292B14BC-6745-4484-8812-9DB5879EC2C5} = {47AFCBB6-F06F-4B76-8B1A-E06727454790}
		{8D5AF922-7EEF-4E25-84CC-2A79641C9816} = {47AFCBB6-F06F-4B76-8B1A-E06727454790}
		{7EE0918C-0F14-419B-BE71-C0C997572757} = {47AFCBB6-F06F-4B76-8B1A-E06727454790}
		{5FD2F432-ABA5-4F99-A605-776975D441BD} = {47AFCBB6-F06F-4B76-8B1A-E06727454790}
		{19CAF390-7D37-4915-8156-A660DE0A7AD2} = {47AFCBB6-F06F-4B76-8B1A-E06727454790}
		{F9930D5C-974C-47BD-9674-77CF6F2B977E} = {47AFCBB6-F06F-4B76-8B1A-E06727454790}
		{0CF80FD9-1C86-483D-851B-A4D39B59F3B1} = {47AFCBB6-F06F-4B76-8B1A-E06727454790}
		{97CAA964-BD54-4FEA-8CBE-D0F27A9E71FA} = {47AFCBB6-F06F-4B76-8B1A-E06727454790}
		{8E761464-067E-43FC-8070-BC0B508A78DD} = {47AFCBB6-F06F-4B76-8B1A-E06727454790}
		{F622DD1B-08C5-4134-A73E-21ABB076CAFA} = {47AFCBB6-F06F-4B76-8B1A-E06727454790}
		{253FA612-BF13-4DF9-A64C-2FE3CB064C05} = {47AFCBB6-F06F-4B76-8B1A-E06727454790}
		{23059465-12AE-456B-9209-AB2C3E592121} = {47AFCBB6-F06F-4B76-8B1A-E06727454790}
		{942AA6A3-775C-4123-81C7-4FF6ED243AB2} = {47AFCBB6-F06F-4B76-8B1A-E06727454790}
		{D6BC32EC-960D-4BD7-82B2-2A1CBFD1611B} = {47AFCBB6-F06F-4B76-8B1A-E06727454790}
		{8086A40A-BB38-4A68-BFC0-564DF0B35B91} = {47AFCBB6-F06F-4B76-8B1A-E06727454790}
		{1C91952B-4D1B-4212-9A0F-E1DB788EF36B} = {47AFCBB6-F06F-4B76-8B1A-E06727454790}
		{84088A20-35FC-476A-A48C-FC79C41EFC30} = {47AFCBB6-F06F-4B76-8B1A-E06727454790}
		{A433D25E-4710-4390-9A9E-1ED56B1C5752} = {47AFCBB6-F06F-4B76-8B1A-E06727454790}
		{447387BC-8854-4DFD-A907-2793B0E19218} = {47AFCBB6-F06F-4B76-8B1A-E06727454790}
		{FFD4A489-2F94-4973-96F7-FB6D77C99E16} = {47AFCBB6-F06F-4B76-8B1A-E06727454790}
		{C6BE9F9D-EDF3-4188-9750-6C38AC79B9BD} = {47AFCBB6-F06F-4B76-8B1A-E06727454790}
		{F0A9C15F-D9D8-4979-8DB8-E7510D609D75} = {47AFCBB6-F06F-4B76-8B1A-E06727454790}
		{F11DF8D7-F8C3-4598-9877-87FD96FBF5D0} = {47AFCBB6-F06F-4B76-8B1A-E06727454790}
		{0F148F0C-C6CB-4A26-A772-AD25D889E204} = {47AFCBB6-F06F-4B76-8B1A-E06727454790}
		{BEDF3D1D-5ACE-4CD0-85FF-612E8198E198} = {47AFCBB6-F06F-4B76-8B1A-E06727454790}
		{AFAA45A8-74C1-467B-A225-2FCE5E068A12} = {47AFCBB6-F06F-4B76-8B1A-E06727454790}
		{12071584-A81B-4BB3-AA7A-20FA3D85F606} = {47AFCBB6-F06F-4B76-8B1A-E06727454790}
		{064276C5-B7AC-4821-A260-9283E56817DD} = {47AFCBB6-F06F-4B76-8B1A-E06727454790}
		{1B2F0396-94B8-4283-9F66-F07A9771D877} = {47AFCBB6-F06F-4B76-8B1A-E06727454790}
		{8358810B-A41C-4A16-8D83-EE0977B70011} = {47AFCBB6-F06F-4B76-8B1A-E06727454790}
		{42115685-DC29-41E9-A578-EEE8ACD963A0} = {47AFCBB6-F06F-4B76-8B1A-E06727454790}
		{38D0B428-AF33-4136-B97F-DF875690321F} = {47AFCBB6-F06F-4B76-8B1A-E06727454790}
		{3D742F74-4E64-4D1A-B8B8-EA5650C46F04} = {47AFCBB6-F06F-4B76-8B1A-E06727454790}
		{B06B800C-DD1A-480C-8950-AAF7E3DA0A4F} = {47AFCBB6-F06F-4B76-8B1A-E06727454790}
		{91658761-D594-4B22-A16B-356E64A7CAE8} = {47AFCBB6-F06F-4B76-8B1A-E06727454790}
		{0B11AB58-8C1C-46FA-ABEC-F1D773C48DF1} = {47AFCBB6-F06F-4B76-8B1A-E06727454790}
		{AA274BE6-E9B3-4BEB-A47D-06B60E927120} = {47AFCBB6-F06F-4B76-8B1A-E06727454790}
		{ABE96500-06CF-433C-8D8E-94AEB45A0AE9} = {47AFCBB6-F06F-4B76-8B1A-E06727454790}
	EndGlobalSection
	GlobalSection(SolutionConfigurationPlatforms) = preSolution
		Debug|Any CPU = Debug|Any CPU
		Release|Any CPU = Release|Any CPU
	EndGlobalSection
	GlobalSection(ProjectConfigurationPlatforms) = postSolution
		{91833D95-0C31-4483-9532-C08BB8D3A30A}.Debug|Any CPU.ActiveCfg = Debug|Any CPU
		{91833D95-0C31-4483-9532-C08BB8D3A30A}.Debug|Any CPU.Build.0 = Debug|Any CPU
		{91833D95-0C31-4483-9532-C08BB8D3A30A}.Release|Any CPU.ActiveCfg = Release|Any CPU
		{91833D95-0C31-4483-9532-C08BB8D3A30A}.Release|Any CPU.Build.0 = Release|Any CPU
		{9E240C4D-85A1-4ADC-A5DB-21576B59FEA4}.Debug|Any CPU.ActiveCfg = Debug|Any CPU
		{9E240C4D-85A1-4ADC-A5DB-21576B59FEA4}.Debug|Any CPU.Build.0 = Debug|Any CPU
		{9E240C4D-85A1-4ADC-A5DB-21576B59FEA4}.Release|Any CPU.ActiveCfg = Release|Any CPU
		{9E240C4D-85A1-4ADC-A5DB-21576B59FEA4}.Release|Any CPU.Build.0 = Release|Any CPU
		{B3E6AAD2-F8E6-4CE4-BAAC-7430E7018A69}.Debug|Any CPU.ActiveCfg = Debug|Any CPU
		{B3E6AAD2-F8E6-4CE4-BAAC-7430E7018A69}.Debug|Any CPU.Build.0 = Debug|Any CPU
		{B3E6AAD2-F8E6-4CE4-BAAC-7430E7018A69}.Release|Any CPU.ActiveCfg = Release|Any CPU
		{B3E6AAD2-F8E6-4CE4-BAAC-7430E7018A69}.Release|Any CPU.Build.0 = Release|Any CPU
		{56EA865C-CB0A-4E1A-8E88-CB1A2786CF7A}.Debug|Any CPU.ActiveCfg = Debug|Any CPU
		{56EA865C-CB0A-4E1A-8E88-CB1A2786CF7A}.Debug|Any CPU.Build.0 = Debug|Any CPU
		{56EA865C-CB0A-4E1A-8E88-CB1A2786CF7A}.Release|Any CPU.ActiveCfg = Release|Any CPU
		{56EA865C-CB0A-4E1A-8E88-CB1A2786CF7A}.Release|Any CPU.Build.0 = Release|Any CPU
		{9FC60A2B-7EB0-494E-8F4B-35AEE2C16586}.Debug|Any CPU.ActiveCfg = Debug|Any CPU
		{9FC60A2B-7EB0-494E-8F4B-35AEE2C16586}.Debug|Any CPU.Build.0 = Debug|Any CPU
		{9FC60A2B-7EB0-494E-8F4B-35AEE2C16586}.Release|Any CPU.ActiveCfg = Release|Any CPU
		{9FC60A2B-7EB0-494E-8F4B-35AEE2C16586}.Release|Any CPU.Build.0 = Release|Any CPU
		{85C905D7-E976-442A-B5EE-DDA7FA40454C}.Debug|Any CPU.ActiveCfg = Debug|Any CPU
		{85C905D7-E976-442A-B5EE-DDA7FA40454C}.Debug|Any CPU.Build.0 = Debug|Any CPU
		{85C905D7-E976-442A-B5EE-DDA7FA40454C}.Release|Any CPU.ActiveCfg = Release|Any CPU
		{85C905D7-E976-442A-B5EE-DDA7FA40454C}.Release|Any CPU.Build.0 = Release|Any CPU
		{A4FB90B2-2875-4D74-ABDB-ECA27969AAC0}.Debug|Any CPU.ActiveCfg = Debug|Any CPU
		{A4FB90B2-2875-4D74-ABDB-ECA27969AAC0}.Debug|Any CPU.Build.0 = Debug|Any CPU
		{A4FB90B2-2875-4D74-ABDB-ECA27969AAC0}.Release|Any CPU.ActiveCfg = Release|Any CPU
		{A4FB90B2-2875-4D74-ABDB-ECA27969AAC0}.Release|Any CPU.Build.0 = Release|Any CPU
		{6A635384-29E9-4E2E-92C0-275B4F9965B4}.Debug|Any CPU.ActiveCfg = Debug|Any CPU
		{6A635384-29E9-4E2E-92C0-275B4F9965B4}.Debug|Any CPU.Build.0 = Debug|Any CPU
		{6A635384-29E9-4E2E-92C0-275B4F9965B4}.Release|Any CPU.ActiveCfg = Release|Any CPU
		{6A635384-29E9-4E2E-92C0-275B4F9965B4}.Release|Any CPU.Build.0 = Release|Any CPU
		{D9282AFF-E0EA-4F70-A7B4-0306F7AF922C}.Debug|Any CPU.ActiveCfg = Debug|Any CPU
		{D9282AFF-E0EA-4F70-A7B4-0306F7AF922C}.Debug|Any CPU.Build.0 = Debug|Any CPU
		{D9282AFF-E0EA-4F70-A7B4-0306F7AF922C}.Release|Any CPU.ActiveCfg = Release|Any CPU
		{D9282AFF-E0EA-4F70-A7B4-0306F7AF922C}.Release|Any CPU.Build.0 = Release|Any CPU
		{9DE18930-8A95-45F1-81FE-9B57771609B4}.Debug|Any CPU.ActiveCfg = Debug|Any CPU
		{9DE18930-8A95-45F1-81FE-9B57771609B4}.Debug|Any CPU.Build.0 = Debug|Any CPU
		{9DE18930-8A95-45F1-81FE-9B57771609B4}.Release|Any CPU.ActiveCfg = Release|Any CPU
		{9DE18930-8A95-45F1-81FE-9B57771609B4}.Release|Any CPU.Build.0 = Release|Any CPU
		{C3E138E5-0263-4D46-9FB9-2076F34A5935}.Debug|Any CPU.ActiveCfg = Debug|Any CPU
		{C3E138E5-0263-4D46-9FB9-2076F34A5935}.Debug|Any CPU.Build.0 = Debug|Any CPU
		{C3E138E5-0263-4D46-9FB9-2076F34A5935}.Release|Any CPU.ActiveCfg = Release|Any CPU
		{C3E138E5-0263-4D46-9FB9-2076F34A5935}.Release|Any CPU.Build.0 = Release|Any CPU
		{94D01DF1-71B9-449B-9A22-C5277D8BE1DE}.Debug|Any CPU.ActiveCfg = Debug|Any CPU
		{94D01DF1-71B9-449B-9A22-C5277D8BE1DE}.Debug|Any CPU.Build.0 = Debug|Any CPU
		{94D01DF1-71B9-449B-9A22-C5277D8BE1DE}.Release|Any CPU.ActiveCfg = Release|Any CPU
		{94D01DF1-71B9-449B-9A22-C5277D8BE1DE}.Release|Any CPU.Build.0 = Release|Any CPU
		{C3D5F8F1-62A3-4DA0-B135-2E3C37C62FC1}.Debug|Any CPU.ActiveCfg = Debug|Any CPU
		{C3D5F8F1-62A3-4DA0-B135-2E3C37C62FC1}.Debug|Any CPU.Build.0 = Debug|Any CPU
		{C3D5F8F1-62A3-4DA0-B135-2E3C37C62FC1}.Release|Any CPU.ActiveCfg = Release|Any CPU
		{C3D5F8F1-62A3-4DA0-B135-2E3C37C62FC1}.Release|Any CPU.Build.0 = Release|Any CPU
		{9022A060-1584-438C-BD7A-486C2F40070D}.Debug|Any CPU.ActiveCfg = Debug|Any CPU
		{9022A060-1584-438C-BD7A-486C2F40070D}.Debug|Any CPU.Build.0 = Debug|Any CPU
		{9022A060-1584-438C-BD7A-486C2F40070D}.Release|Any CPU.ActiveCfg = Release|Any CPU
		{9022A060-1584-438C-BD7A-486C2F40070D}.Release|Any CPU.Build.0 = Release|Any CPU
		{3930CB75-D9AF-4FB0-A63A-B6AFD7C538FF}.Debug|Any CPU.ActiveCfg = Debug|Any CPU
		{3930CB75-D9AF-4FB0-A63A-B6AFD7C538FF}.Debug|Any CPU.Build.0 = Debug|Any CPU
		{3930CB75-D9AF-4FB0-A63A-B6AFD7C538FF}.Release|Any CPU.ActiveCfg = Release|Any CPU
		{3930CB75-D9AF-4FB0-A63A-B6AFD7C538FF}.Release|Any CPU.Build.0 = Release|Any CPU
		{7CDC52FE-A838-4F68-B93B-34A900DBEDEF}.Debug|Any CPU.ActiveCfg = Debug|Any CPU
		{7CDC52FE-A838-4F68-B93B-34A900DBEDEF}.Debug|Any CPU.Build.0 = Debug|Any CPU
		{7CDC52FE-A838-4F68-B93B-34A900DBEDEF}.Release|Any CPU.ActiveCfg = Release|Any CPU
		{7CDC52FE-A838-4F68-B93B-34A900DBEDEF}.Release|Any CPU.Build.0 = Release|Any CPU
		{A0CFE698-7432-41DC-8038-F71409EFC01B}.Debug|Any CPU.ActiveCfg = Debug|Any CPU
		{A0CFE698-7432-41DC-8038-F71409EFC01B}.Debug|Any CPU.Build.0 = Debug|Any CPU
		{A0CFE698-7432-41DC-8038-F71409EFC01B}.Release|Any CPU.ActiveCfg = Release|Any CPU
		{A0CFE698-7432-41DC-8038-F71409EFC01B}.Release|Any CPU.Build.0 = Release|Any CPU
		{D043410E-A0F7-419E-9D22-F027B573E951}.Debug|Any CPU.ActiveCfg = Debug|Any CPU
		{D043410E-A0F7-419E-9D22-F027B573E951}.Debug|Any CPU.Build.0 = Debug|Any CPU
		{D043410E-A0F7-419E-9D22-F027B573E951}.Release|Any CPU.ActiveCfg = Release|Any CPU
		{D043410E-A0F7-419E-9D22-F027B573E951}.Release|Any CPU.Build.0 = Release|Any CPU
		{292B14BC-6745-4484-8812-9DB5879EC2C5}.Debug|Any CPU.ActiveCfg = Debug|Any CPU
		{292B14BC-6745-4484-8812-9DB5879EC2C5}.Debug|Any CPU.Build.0 = Debug|Any CPU
		{292B14BC-6745-4484-8812-9DB5879EC2C5}.Release|Any CPU.ActiveCfg = Release|Any CPU
		{292B14BC-6745-4484-8812-9DB5879EC2C5}.Release|Any CPU.Build.0 = Release|Any CPU
		{8D5AF922-7EEF-4E25-84CC-2A79641C9816}.Debug|Any CPU.ActiveCfg = Debug|Any CPU
		{8D5AF922-7EEF-4E25-84CC-2A79641C9816}.Debug|Any CPU.Build.0 = Debug|Any CPU
		{8D5AF922-7EEF-4E25-84CC-2A79641C9816}.Release|Any CPU.ActiveCfg = Release|Any CPU
		{8D5AF922-7EEF-4E25-84CC-2A79641C9816}.Release|Any CPU.Build.0 = Release|Any CPU
		{7EE0918C-0F14-419B-BE71-C0C997572757}.Debug|Any CPU.ActiveCfg = Debug|Any CPU
		{7EE0918C-0F14-419B-BE71-C0C997572757}.Debug|Any CPU.Build.0 = Debug|Any CPU
		{7EE0918C-0F14-419B-BE71-C0C997572757}.Release|Any CPU.ActiveCfg = Release|Any CPU
		{7EE0918C-0F14-419B-BE71-C0C997572757}.Release|Any CPU.Build.0 = Release|Any CPU
		{5FD2F432-ABA5-4F99-A605-776975D441BD}.Debug|Any CPU.ActiveCfg = Debug|Any CPU
		{5FD2F432-ABA5-4F99-A605-776975D441BD}.Debug|Any CPU.Build.0 = Debug|Any CPU
		{5FD2F432-ABA5-4F99-A605-776975D441BD}.Release|Any CPU.ActiveCfg = Release|Any CPU
		{5FD2F432-ABA5-4F99-A605-776975D441BD}.Release|Any CPU.Build.0 = Release|Any CPU
		{19CAF390-7D37-4915-8156-A660DE0A7AD2}.Debug|Any CPU.ActiveCfg = Debug|Any CPU
		{19CAF390-7D37-4915-8156-A660DE0A7AD2}.Debug|Any CPU.Build.0 = Debug|Any CPU
		{19CAF390-7D37-4915-8156-A660DE0A7AD2}.Release|Any CPU.ActiveCfg = Release|Any CPU
		{19CAF390-7D37-4915-8156-A660DE0A7AD2}.Release|Any CPU.Build.0 = Release|Any CPU
		{F9930D5C-974C-47BD-9674-77CF6F2B977E}.Debug|Any CPU.ActiveCfg = Debug|Any CPU
		{F9930D5C-974C-47BD-9674-77CF6F2B977E}.Debug|Any CPU.Build.0 = Debug|Any CPU
		{F9930D5C-974C-47BD-9674-77CF6F2B977E}.Release|Any CPU.ActiveCfg = Release|Any CPU
		{F9930D5C-974C-47BD-9674-77CF6F2B977E}.Release|Any CPU.Build.0 = Release|Any CPU
		{0CF80FD9-1C86-483D-851B-A4D39B59F3B1}.Debug|Any CPU.ActiveCfg = Debug|Any CPU
		{0CF80FD9-1C86-483D-851B-A4D39B59F3B1}.Debug|Any CPU.Build.0 = Debug|Any CPU
		{0CF80FD9-1C86-483D-851B-A4D39B59F3B1}.Release|Any CPU.ActiveCfg = Release|Any CPU
		{0CF80FD9-1C86-483D-851B-A4D39B59F3B1}.Release|Any CPU.Build.0 = Release|Any CPU
		{97CAA964-BD54-4FEA-8CBE-D0F27A9E71FA}.Debug|Any CPU.ActiveCfg = Debug|Any CPU
		{97CAA964-BD54-4FEA-8CBE-D0F27A9E71FA}.Debug|Any CPU.Build.0 = Debug|Any CPU
		{97CAA964-BD54-4FEA-8CBE-D0F27A9E71FA}.Release|Any CPU.ActiveCfg = Release|Any CPU
		{97CAA964-BD54-4FEA-8CBE-D0F27A9E71FA}.Release|Any CPU.Build.0 = Release|Any CPU
		{8E761464-067E-43FC-8070-BC0B508A78DD}.Debug|Any CPU.ActiveCfg = Debug|Any CPU
		{8E761464-067E-43FC-8070-BC0B508A78DD}.Debug|Any CPU.Build.0 = Debug|Any CPU
		{8E761464-067E-43FC-8070-BC0B508A78DD}.Release|Any CPU.ActiveCfg = Release|Any CPU
		{8E761464-067E-43FC-8070-BC0B508A78DD}.Release|Any CPU.Build.0 = Release|Any CPU
		{F622DD1B-08C5-4134-A73E-21ABB076CAFA}.Debug|Any CPU.ActiveCfg = Debug|Any CPU
		{F622DD1B-08C5-4134-A73E-21ABB076CAFA}.Debug|Any CPU.Build.0 = Debug|Any CPU
		{F622DD1B-08C5-4134-A73E-21ABB076CAFA}.Release|Any CPU.ActiveCfg = Release|Any CPU
		{F622DD1B-08C5-4134-A73E-21ABB076CAFA}.Release|Any CPU.Build.0 = Release|Any CPU
		{253FA612-BF13-4DF9-A64C-2FE3CB064C05}.Debug|Any CPU.ActiveCfg = Debug|Any CPU
		{253FA612-BF13-4DF9-A64C-2FE3CB064C05}.Debug|Any CPU.Build.0 = Debug|Any CPU
		{253FA612-BF13-4DF9-A64C-2FE3CB064C05}.Release|Any CPU.ActiveCfg = Release|Any CPU
		{253FA612-BF13-4DF9-A64C-2FE3CB064C05}.Release|Any CPU.Build.0 = Release|Any CPU
		{23059465-12AE-456B-9209-AB2C3E592121}.Debug|Any CPU.ActiveCfg = Debug|Any CPU
		{23059465-12AE-456B-9209-AB2C3E592121}.Debug|Any CPU.Build.0 = Debug|Any CPU
		{23059465-12AE-456B-9209-AB2C3E592121}.Release|Any CPU.ActiveCfg = Release|Any CPU
		{23059465-12AE-456B-9209-AB2C3E592121}.Release|Any CPU.Build.0 = Release|Any CPU
		{942AA6A3-775C-4123-81C7-4FF6ED243AB2}.Debug|Any CPU.ActiveCfg = Debug|Any CPU
		{942AA6A3-775C-4123-81C7-4FF6ED243AB2}.Debug|Any CPU.Build.0 = Debug|Any CPU
		{942AA6A3-775C-4123-81C7-4FF6ED243AB2}.Release|Any CPU.ActiveCfg = Release|Any CPU
		{942AA6A3-775C-4123-81C7-4FF6ED243AB2}.Release|Any CPU.Build.0 = Release|Any CPU
		{D6BC32EC-960D-4BD7-82B2-2A1CBFD1611B}.Debug|Any CPU.ActiveCfg = Debug|Any CPU
		{D6BC32EC-960D-4BD7-82B2-2A1CBFD1611B}.Debug|Any CPU.Build.0 = Debug|Any CPU
		{D6BC32EC-960D-4BD7-82B2-2A1CBFD1611B}.Release|Any CPU.ActiveCfg = Release|Any CPU
		{D6BC32EC-960D-4BD7-82B2-2A1CBFD1611B}.Release|Any CPU.Build.0 = Release|Any CPU
		{8086A40A-BB38-4A68-BFC0-564DF0B35B91}.Debug|Any CPU.ActiveCfg = Debug|Any CPU
		{8086A40A-BB38-4A68-BFC0-564DF0B35B91}.Debug|Any CPU.Build.0 = Debug|Any CPU
		{8086A40A-BB38-4A68-BFC0-564DF0B35B91}.Release|Any CPU.ActiveCfg = Release|Any CPU
		{8086A40A-BB38-4A68-BFC0-564DF0B35B91}.Release|Any CPU.Build.0 = Release|Any CPU
		{1C91952B-4D1B-4212-9A0F-E1DB788EF36B}.Debug|Any CPU.ActiveCfg = Debug|Any CPU
		{1C91952B-4D1B-4212-9A0F-E1DB788EF36B}.Debug|Any CPU.Build.0 = Debug|Any CPU
		{1C91952B-4D1B-4212-9A0F-E1DB788EF36B}.Release|Any CPU.ActiveCfg = Release|Any CPU
		{1C91952B-4D1B-4212-9A0F-E1DB788EF36B}.Release|Any CPU.Build.0 = Release|Any CPU
		{84088A20-35FC-476A-A48C-FC79C41EFC30}.Debug|Any CPU.ActiveCfg = Debug|Any CPU
		{84088A20-35FC-476A-A48C-FC79C41EFC30}.Debug|Any CPU.Build.0 = Debug|Any CPU
		{84088A20-35FC-476A-A48C-FC79C41EFC30}.Release|Any CPU.ActiveCfg = Release|Any CPU
		{84088A20-35FC-476A-A48C-FC79C41EFC30}.Release|Any CPU.Build.0 = Release|Any CPU
		{A433D25E-4710-4390-9A9E-1ED56B1C5752}.Debug|Any CPU.ActiveCfg = Debug|Any CPU
		{A433D25E-4710-4390-9A9E-1ED56B1C5752}.Debug|Any CPU.Build.0 = Debug|Any CPU
		{A433D25E-4710-4390-9A9E-1ED56B1C5752}.Release|Any CPU.ActiveCfg = Release|Any CPU
		{A433D25E-4710-4390-9A9E-1ED56B1C5752}.Release|Any CPU.Build.0 = Release|Any CPU
		{447387BC-8854-4DFD-A907-2793B0E19218}.Debug|Any CPU.ActiveCfg = Debug|Any CPU
		{447387BC-8854-4DFD-A907-2793B0E19218}.Debug|Any CPU.Build.0 = Debug|Any CPU
		{447387BC-8854-4DFD-A907-2793B0E19218}.Release|Any CPU.ActiveCfg = Release|Any CPU
		{447387BC-8854-4DFD-A907-2793B0E19218}.Release|Any CPU.Build.0 = Release|Any CPU
		{FFD4A489-2F94-4973-96F7-FB6D77C99E16}.Debug|Any CPU.ActiveCfg = Debug|Any CPU
		{FFD4A489-2F94-4973-96F7-FB6D77C99E16}.Debug|Any CPU.Build.0 = Debug|Any CPU
		{FFD4A489-2F94-4973-96F7-FB6D77C99E16}.Release|Any CPU.ActiveCfg = Release|Any CPU
		{FFD4A489-2F94-4973-96F7-FB6D77C99E16}.Release|Any CPU.Build.0 = Release|Any CPU
		{C6BE9F9D-EDF3-4188-9750-6C38AC79B9BD}.Debug|Any CPU.ActiveCfg = Debug|Any CPU
		{C6BE9F9D-EDF3-4188-9750-6C38AC79B9BD}.Debug|Any CPU.Build.0 = Debug|Any CPU
		{C6BE9F9D-EDF3-4188-9750-6C38AC79B9BD}.Release|Any CPU.ActiveCfg = Release|Any CPU
		{C6BE9F9D-EDF3-4188-9750-6C38AC79B9BD}.Release|Any CPU.Build.0 = Release|Any CPU
		{F0A9C15F-D9D8-4979-8DB8-E7510D609D75}.Debug|Any CPU.ActiveCfg = Debug|Any CPU
		{F0A9C15F-D9D8-4979-8DB8-E7510D609D75}.Debug|Any CPU.Build.0 = Debug|Any CPU
		{F0A9C15F-D9D8-4979-8DB8-E7510D609D75}.Release|Any CPU.ActiveCfg = Release|Any CPU
		{F0A9C15F-D9D8-4979-8DB8-E7510D609D75}.Release|Any CPU.Build.0 = Release|Any CPU
		{F11DF8D7-F8C3-4598-9877-87FD96FBF5D0}.Debug|Any CPU.ActiveCfg = Debug|Any CPU
		{F11DF8D7-F8C3-4598-9877-87FD96FBF5D0}.Debug|Any CPU.Build.0 = Debug|Any CPU
		{F11DF8D7-F8C3-4598-9877-87FD96FBF5D0}.Release|Any CPU.ActiveCfg = Release|Any CPU
		{F11DF8D7-F8C3-4598-9877-87FD96FBF5D0}.Release|Any CPU.Build.0 = Release|Any CPU
		{0F148F0C-C6CB-4A26-A772-AD25D889E204}.Debug|Any CPU.ActiveCfg = Debug|Any CPU
		{0F148F0C-C6CB-4A26-A772-AD25D889E204}.Debug|Any CPU.Build.0 = Debug|Any CPU
		{0F148F0C-C6CB-4A26-A772-AD25D889E204}.Release|Any CPU.ActiveCfg = Release|Any CPU
		{0F148F0C-C6CB-4A26-A772-AD25D889E204}.Release|Any CPU.Build.0 = Release|Any CPU
		{BEDF3D1D-5ACE-4CD0-85FF-612E8198E198}.Debug|Any CPU.ActiveCfg = Debug|Any CPU
		{BEDF3D1D-5ACE-4CD0-85FF-612E8198E198}.Debug|Any CPU.Build.0 = Debug|Any CPU
		{BEDF3D1D-5ACE-4CD0-85FF-612E8198E198}.Release|Any CPU.ActiveCfg = Release|Any CPU
		{BEDF3D1D-5ACE-4CD0-85FF-612E8198E198}.Release|Any CPU.Build.0 = Release|Any CPU
		{AFAA45A8-74C1-467B-A225-2FCE5E068A12}.Debug|Any CPU.ActiveCfg = Debug|Any CPU
		{AFAA45A8-74C1-467B-A225-2FCE5E068A12}.Debug|Any CPU.Build.0 = Debug|Any CPU
		{AFAA45A8-74C1-467B-A225-2FCE5E068A12}.Release|Any CPU.ActiveCfg = Release|Any CPU
		{AFAA45A8-74C1-467B-A225-2FCE5E068A12}.Release|Any CPU.Build.0 = Release|Any CPU
		{12071584-A81B-4BB3-AA7A-20FA3D85F606}.Debug|Any CPU.ActiveCfg = Debug|Any CPU
		{12071584-A81B-4BB3-AA7A-20FA3D85F606}.Debug|Any CPU.Build.0 = Debug|Any CPU
		{12071584-A81B-4BB3-AA7A-20FA3D85F606}.Release|Any CPU.ActiveCfg = Release|Any CPU
		{12071584-A81B-4BB3-AA7A-20FA3D85F606}.Release|Any CPU.Build.0 = Release|Any CPU
		{064276C5-B7AC-4821-A260-9283E56817DD}.Debug|Any CPU.ActiveCfg = Debug|Any CPU
		{064276C5-B7AC-4821-A260-9283E56817DD}.Debug|Any CPU.Build.0 = Debug|Any CPU
		{064276C5-B7AC-4821-A260-9283E56817DD}.Release|Any CPU.ActiveCfg = Release|Any CPU
		{064276C5-B7AC-4821-A260-9283E56817DD}.Release|Any CPU.Build.0 = Release|Any CPU
		{1B2F0396-94B8-4283-9F66-F07A9771D877}.Debug|Any CPU.ActiveCfg = Debug|Any CPU
		{1B2F0396-94B8-4283-9F66-F07A9771D877}.Debug|Any CPU.Build.0 = Debug|Any CPU
		{1B2F0396-94B8-4283-9F66-F07A9771D877}.Release|Any CPU.ActiveCfg = Release|Any CPU
		{1B2F0396-94B8-4283-9F66-F07A9771D877}.Release|Any CPU.Build.0 = Release|Any CPU
		{8358810B-A41C-4A16-8D83-EE0977B70011}.Debug|Any CPU.ActiveCfg = Debug|Any CPU
		{8358810B-A41C-4A16-8D83-EE0977B70011}.Debug|Any CPU.Build.0 = Debug|Any CPU
		{8358810B-A41C-4A16-8D83-EE0977B70011}.Release|Any CPU.ActiveCfg = Release|Any CPU
		{8358810B-A41C-4A16-8D83-EE0977B70011}.Release|Any CPU.Build.0 = Release|Any CPU
		{42115685-DC29-41E9-A578-EEE8ACD963A0}.Debug|Any CPU.ActiveCfg = Debug|Any CPU
		{42115685-DC29-41E9-A578-EEE8ACD963A0}.Debug|Any CPU.Build.0 = Debug|Any CPU
		{42115685-DC29-41E9-A578-EEE8ACD963A0}.Release|Any CPU.ActiveCfg = Release|Any CPU
		{42115685-DC29-41E9-A578-EEE8ACD963A0}.Release|Any CPU.Build.0 = Release|Any CPU
		{38D0B428-AF33-4136-B97F-DF875690321F}.Debug|Any CPU.ActiveCfg = Debug|Any CPU
		{38D0B428-AF33-4136-B97F-DF875690321F}.Debug|Any CPU.Build.0 = Debug|Any CPU
		{38D0B428-AF33-4136-B97F-DF875690321F}.Release|Any CPU.ActiveCfg = Release|Any CPU
		{38D0B428-AF33-4136-B97F-DF875690321F}.Release|Any CPU.Build.0 = Release|Any CPU
		{3D742F74-4E64-4D1A-B8B8-EA5650C46F04}.Debug|Any CPU.ActiveCfg = Debug|Any CPU
		{3D742F74-4E64-4D1A-B8B8-EA5650C46F04}.Debug|Any CPU.Build.0 = Debug|Any CPU
		{3D742F74-4E64-4D1A-B8B8-EA5650C46F04}.Release|Any CPU.ActiveCfg = Release|Any CPU
		{3D742F74-4E64-4D1A-B8B8-EA5650C46F04}.Release|Any CPU.Build.0 = Release|Any CPU
		{B06B800C-DD1A-480C-8950-AAF7E3DA0A4F}.Debug|Any CPU.ActiveCfg = Debug|Any CPU
		{B06B800C-DD1A-480C-8950-AAF7E3DA0A4F}.Debug|Any CPU.Build.0 = Debug|Any CPU
		{B06B800C-DD1A-480C-8950-AAF7E3DA0A4F}.Release|Any CPU.ActiveCfg = Release|Any CPU
		{B06B800C-DD1A-480C-8950-AAF7E3DA0A4F}.Release|Any CPU.Build.0 = Release|Any CPU
		{91658761-D594-4B22-A16B-356E64A7CAE8}.Debug|Any CPU.ActiveCfg = Debug|Any CPU
		{91658761-D594-4B22-A16B-356E64A7CAE8}.Debug|Any CPU.Build.0 = Debug|Any CPU
		{91658761-D594-4B22-A16B-356E64A7CAE8}.Release|Any CPU.ActiveCfg = Release|Any CPU
		{91658761-D594-4B22-A16B-356E64A7CAE8}.Release|Any CPU.Build.0 = Release|Any CPU
		{0B11AB58-8C1C-46FA-ABEC-F1D773C48DF1}.Debug|Any CPU.ActiveCfg = Debug|Any CPU
		{0B11AB58-8C1C-46FA-ABEC-F1D773C48DF1}.Debug|Any CPU.Build.0 = Debug|Any CPU
		{0B11AB58-8C1C-46FA-ABEC-F1D773C48DF1}.Release|Any CPU.ActiveCfg = Release|Any CPU
		{0B11AB58-8C1C-46FA-ABEC-F1D773C48DF1}.Release|Any CPU.Build.0 = Release|Any CPU
		{AA274BE6-E9B3-4BEB-A47D-06B60E927120}.Debug|Any CPU.ActiveCfg = Debug|Any CPU
		{AA274BE6-E9B3-4BEB-A47D-06B60E927120}.Debug|Any CPU.Build.0 = Debug|Any CPU
		{AA274BE6-E9B3-4BEB-A47D-06B60E927120}.Release|Any CPU.ActiveCfg = Release|Any CPU
		{AA274BE6-E9B3-4BEB-A47D-06B60E927120}.Release|Any CPU.Build.0 = Release|Any CPU
		{ABE96500-06CF-433C-8D8E-94AEB45A0AE9}.Debug|Any CPU.ActiveCfg = Debug|Any CPU
		{ABE96500-06CF-433C-8D8E-94AEB45A0AE9}.Debug|Any CPU.Build.0 = Debug|Any CPU
		{ABE96500-06CF-433C-8D8E-94AEB45A0AE9}.Release|Any CPU.ActiveCfg = Release|Any CPU
		{ABE96500-06CF-433C-8D8E-94AEB45A0AE9}.Release|Any CPU.Build.0 = Release|Any CPU
	EndGlobalSection
	GlobalSection(SolutionProperties) = preSolution
		HideSolutionNode = FALSE
	EndGlobalSection
	GlobalSection(ExtensibilityGlobals) = postSolution
		SolutionGuid = {EA34B74A-02B8-4ABF-963B-83B100BF9E36}
	EndGlobalSection
EndGlobal
